// !$*UTF8*$!
{
	archiveVersion = 1;
	classes = {
	};
	objectVersion = 55;
	objects = {

/* Begin PBXBuildFile section */
		8A6B1CCA28888945000C9868 /* SearchListTableViewCell.swift in Sources */ = {isa = PBXBuildFile; fileRef = 8A6B1CC828888945000C9868 /* SearchListTableViewCell.swift */; };
		8A6B1CCB28888945000C9868 /* SearchListTableViewCell.xib in Resources */ = {isa = PBXBuildFile; fileRef = 8A6B1CC928888945000C9868 /* SearchListTableViewCell.xib */; };
		8A6B1CD428888C9D000C9868 /* FilterOptionsView.swift in Sources */ = {isa = PBXBuildFile; fileRef = 8A6B1CD328888C9D000C9868 /* FilterOptionsView.swift */; };
		8A6B1CD728888D23000C9868 /* FilterOptionsView.xib in Resources */ = {isa = PBXBuildFile; fileRef = 8A6B1CD628888D23000C9868 /* FilterOptionsView.xib */; };
		8A6B1CD928888F87000C9868 /* AuthorDetailsViewController.swift in Sources */ = {isa = PBXBuildFile; fileRef = 8A6B1CD828888F87000C9868 /* AuthorDetailsViewController.swift */; };
		8A6B1CDB28888F93000C9868 /* RepoDetailsViewController.swift in Sources */ = {isa = PBXBuildFile; fileRef = 8A6B1CDA28888F93000C9868 /* RepoDetailsViewController.swift */; };
		8ACD6D7428888747001CFD60 /* AppDelegate.swift in Sources */ = {isa = PBXBuildFile; fileRef = 8ACD6D7328888747001CFD60 /* AppDelegate.swift */; };
		8ACD6D7628888747001CFD60 /* SceneDelegate.swift in Sources */ = {isa = PBXBuildFile; fileRef = 8ACD6D7528888747001CFD60 /* SceneDelegate.swift */; };
		8ACD6D7828888747001CFD60 /* SearchViewController.swift in Sources */ = {isa = PBXBuildFile; fileRef = 8ACD6D7728888747001CFD60 /* SearchViewController.swift */; };
		8ACD6D7B28888747001CFD60 /* Main.storyboard in Resources */ = {isa = PBXBuildFile; fileRef = 8ACD6D7928888747001CFD60 /* Main.storyboard */; };
		8ACD6D7D2888874E001CFD60 /* Assets.xcassets in Resources */ = {isa = PBXBuildFile; fileRef = 8ACD6D7C2888874E001CFD60 /* Assets.xcassets */; };
		8ACD6D802888874E001CFD60 /* LaunchScreen.storyboard in Resources */ = {isa = PBXBuildFile; fileRef = 8ACD6D7E2888874E001CFD60 /* LaunchScreen.storyboard */; };
		8ACD6D8B2888874F001CFD60 /* GitAPITests.swift in Sources */ = {isa = PBXBuildFile; fileRef = 8ACD6D8A2888874F001CFD60 /* GitAPITests.swift */; };
		8ACD6D952888874F001CFD60 /* GitAPIUITests.swift in Sources */ = {isa = PBXBuildFile; fileRef = 8ACD6D942888874F001CFD60 /* GitAPIUITests.swift */; };
		8ACD6D972888874F001CFD60 /* GitAPIUITestsLaunchTests.swift in Sources */ = {isa = PBXBuildFile; fileRef = 8ACD6D962888874F001CFD60 /* GitAPIUITestsLaunchTests.swift */; };
/* End PBXBuildFile section */

/* Begin PBXContainerItemProxy section */
		8ACD6D872888874F001CFD60 /* PBXContainerItemProxy */ = {
			isa = PBXContainerItemProxy;
			containerPortal = 8ACD6D6828888747001CFD60 /* Project object */;
			proxyType = 1;
			remoteGlobalIDString = 8ACD6D6F28888747001CFD60;
			remoteInfo = GitAPI;
		};
		8ACD6D912888874F001CFD60 /* PBXContainerItemProxy */ = {
			isa = PBXContainerItemProxy;
			containerPortal = 8ACD6D6828888747001CFD60 /* Project object */;
			proxyType = 1;
			remoteGlobalIDString = 8ACD6D6F28888747001CFD60;
			remoteInfo = GitAPI;
		};
/* End PBXContainerItemProxy section */

/* Begin PBXFileReference section */
		8A6B1CC828888945000C9868 /* SearchListTableViewCell.swift */ = {isa = PBXFileReference; lastKnownFileType = sourcecode.swift; path = SearchListTableViewCell.swift; sourceTree = "<group>"; };
		8A6B1CC928888945000C9868 /* SearchListTableViewCell.xib */ = {isa = PBXFileReference; lastKnownFileType = file.xib; path = SearchListTableViewCell.xib; sourceTree = "<group>"; };
		8A6B1CD328888C9D000C9868 /* FilterOptionsView.swift */ = {isa = PBXFileReference; lastKnownFileType = sourcecode.swift; path = FilterOptionsView.swift; sourceTree = "<group>"; };
		8A6B1CD628888D23000C9868 /* FilterOptionsView.xib */ = {isa = PBXFileReference; lastKnownFileType = file.xib; path = FilterOptionsView.xib; sourceTree = "<group>"; };
		8A6B1CD828888F87000C9868 /* AuthorDetailsViewController.swift */ = {isa = PBXFileReference; lastKnownFileType = sourcecode.swift; path = AuthorDetailsViewController.swift; sourceTree = "<group>"; };
		8A6B1CDA28888F93000C9868 /* RepoDetailsViewController.swift */ = {isa = PBXFileReference; lastKnownFileType = sourcecode.swift; path = RepoDetailsViewController.swift; sourceTree = "<group>"; };
		8ACD6D7028888747001CFD60 /* GitAPI.app */ = {isa = PBXFileReference; explicitFileType = wrapper.application; includeInIndex = 0; path = GitAPI.app; sourceTree = BUILT_PRODUCTS_DIR; };
		8ACD6D7328888747001CFD60 /* AppDelegate.swift */ = {isa = PBXFileReference; lastKnownFileType = sourcecode.swift; path = AppDelegate.swift; sourceTree = "<group>"; };
		8ACD6D7528888747001CFD60 /* SceneDelegate.swift */ = {isa = PBXFileReference; lastKnownFileType = sourcecode.swift; path = SceneDelegate.swift; sourceTree = "<group>"; };
		8ACD6D7728888747001CFD60 /* SearchViewController.swift */ = {isa = PBXFileReference; lastKnownFileType = sourcecode.swift; path = SearchViewController.swift; sourceTree = "<group>"; };
		8ACD6D7A28888747001CFD60 /* Base */ = {isa = PBXFileReference; lastKnownFileType = file.storyboard; name = Base; path = Base.lproj/Main.storyboard; sourceTree = "<group>"; };
		8ACD6D7C2888874E001CFD60 /* Assets.xcassets */ = {isa = PBXFileReference; lastKnownFileType = folder.assetcatalog; path = Assets.xcassets; sourceTree = "<group>"; };
		8ACD6D7F2888874E001CFD60 /* Base */ = {isa = PBXFileReference; lastKnownFileType = file.storyboard; name = Base; path = Base.lproj/LaunchScreen.storyboard; sourceTree = "<group>"; };
		8ACD6D812888874E001CFD60 /* Info.plist */ = {isa = PBXFileReference; lastKnownFileType = text.plist.xml; path = Info.plist; sourceTree = "<group>"; };
		8ACD6D862888874F001CFD60 /* GitAPITests.xctest */ = {isa = PBXFileReference; explicitFileType = wrapper.cfbundle; includeInIndex = 0; path = GitAPITests.xctest; sourceTree = BUILT_PRODUCTS_DIR; };
		8ACD6D8A2888874F001CFD60 /* GitAPITests.swift */ = {isa = PBXFileReference; lastKnownFileType = sourcecode.swift; path = GitAPITests.swift; sourceTree = "<group>"; };
		8ACD6D902888874F001CFD60 /* GitAPIUITests.xctest */ = {isa = PBXFileReference; explicitFileType = wrapper.cfbundle; includeInIndex = 0; path = GitAPIUITests.xctest; sourceTree = BUILT_PRODUCTS_DIR; };
		8ACD6D942888874F001CFD60 /* GitAPIUITests.swift */ = {isa = PBXFileReference; lastKnownFileType = sourcecode.swift; path = GitAPIUITests.swift; sourceTree = "<group>"; };
		8ACD6D962888874F001CFD60 /* GitAPIUITestsLaunchTests.swift */ = {isa = PBXFileReference; lastKnownFileType = sourcecode.swift; path = GitAPIUITestsLaunchTests.swift; sourceTree = "<group>"; };
/* End PBXFileReference section */

/* Begin PBXFrameworksBuildPhase section */
		8ACD6D6D28888747001CFD60 /* Frameworks */ = {
			isa = PBXFrameworksBuildPhase;
			buildActionMask = 2147483647;
			files = (
			);
			runOnlyForDeploymentPostprocessing = 0;
		};
		8ACD6D832888874F001CFD60 /* Frameworks */ = {
			isa = PBXFrameworksBuildPhase;
			buildActionMask = 2147483647;
			files = (
			);
			runOnlyForDeploymentPostprocessing = 0;
		};
		8ACD6D8D2888874F001CFD60 /* Frameworks */ = {
			isa = PBXFrameworksBuildPhase;
			buildActionMask = 2147483647;
			files = (
			);
			runOnlyForDeploymentPostprocessing = 0;
		};
/* End PBXFrameworksBuildPhase section */

/* Begin PBXGroup section */
		8A6B1CCC288889AE000C9868 /* Controllers */ = {
			isa = PBXGroup;
			children = (
				8ACD6D7728888747001CFD60 /* SearchViewController.swift */,
				8A6B1CD828888F87000C9868 /* AuthorDetailsViewController.swift */,
				8A6B1CDA28888F93000C9868 /* RepoDetailsViewController.swift */,
			);
			path = Controllers;
			sourceTree = "<group>";
		};
		8A6B1CCD288889B5000C9868 /* Cells */ = {
			isa = PBXGroup;
			children = (
				8A6B1CC828888945000C9868 /* SearchListTableViewCell.swift */,
			);
			path = Cells;
			sourceTree = "<group>";
		};
		8A6B1CCE288889B9000C9868 /* Views */ = {
			isa = PBXGroup;
			children = (
				8A6B1CD528888D0B000C9868 /* Views */,
				8A6B1CD0288889C7000C9868 /* Xibs */,
				8A6B1CCF288889C2000C9868 /* Storyboard */,
			);
			path = Views;
			sourceTree = "<group>";
		};
		8A6B1CCF288889C2000C9868 /* Storyboard */ = {
			isa = PBXGroup;
			children = (
				8ACD6D7928888747001CFD60 /* Main.storyboard */,
				8ACD6D7E2888874E001CFD60 /* LaunchScreen.storyboard */,
			);
			path = Storyboard;
			sourceTree = "<group>";
		};
		8A6B1CD0288889C7000C9868 /* Xibs */ = {
			isa = PBXGroup;
			children = (
				8A6B1CC928888945000C9868 /* SearchListTableViewCell.xib */,
				8A6B1CD628888D23000C9868 /* FilterOptionsView.xib */,
			);
			path = Xibs;
			sourceTree = "<group>";
		};
		8A6B1CD1288889CF000C9868 /* Delegate */ = {
			isa = PBXGroup;
			children = (
				8ACD6D7328888747001CFD60 /* AppDelegate.swift */,
				8ACD6D7528888747001CFD60 /* SceneDelegate.swift */,
			);
			path = Delegate;
			sourceTree = "<group>";
		};
		8A6B1CD2288889D4000C9868 /* Resources */ = {
			isa = PBXGroup;
			children = (
				8ACD6D7C2888874E001CFD60 /* Assets.xcassets */,
			);
			path = Resources;
			sourceTree = "<group>";
		};
		8A6B1CD528888D0B000C9868 /* Views */ = {
			isa = PBXGroup;
			children = (
				8A6B1CD328888C9D000C9868 /* FilterOptionsView.swift */,
			);
			path = Views;
			sourceTree = "<group>";
		};
		8ACD6D6728888747001CFD60 = {
			isa = PBXGroup;
			children = (
				8ACD6D7228888747001CFD60 /* GitAPI */,
				8ACD6D892888874F001CFD60 /* GitAPITests */,
				8ACD6D932888874F001CFD60 /* GitAPIUITests */,
				8ACD6D7128888747001CFD60 /* Products */,
			);
			sourceTree = "<group>";
		};
		8ACD6D7128888747001CFD60 /* Products */ = {
			isa = PBXGroup;
			children = (
				8ACD6D7028888747001CFD60 /* GitAPI.app */,
				8ACD6D862888874F001CFD60 /* GitAPITests.xctest */,
				8ACD6D902888874F001CFD60 /* GitAPIUITests.xctest */,
			);
			name = Products;
			sourceTree = "<group>";
		};
		8ACD6D7228888747001CFD60 /* GitAPI */ = {
			isa = PBXGroup;
			children = (
				8A6B1CD2288889D4000C9868 /* Resources */,
				8A6B1CD1288889CF000C9868 /* Delegate */,
				8A6B1CCE288889B9000C9868 /* Views */,
				8A6B1CCD288889B5000C9868 /* Cells */,
				8A6B1CCC288889AE000C9868 /* Controllers */,
				8ACD6D812888874E001CFD60 /* Info.plist */,
			);
			path = GitAPI;
			sourceTree = "<group>";
		};
		8ACD6D892888874F001CFD60 /* GitAPITests */ = {
			isa = PBXGroup;
			children = (
				8ACD6D8A2888874F001CFD60 /* GitAPITests.swift */,
			);
			path = GitAPITests;
			sourceTree = "<group>";
		};
		8ACD6D932888874F001CFD60 /* GitAPIUITests */ = {
			isa = PBXGroup;
			children = (
				8ACD6D942888874F001CFD60 /* GitAPIUITests.swift */,
				8ACD6D962888874F001CFD60 /* GitAPIUITestsLaunchTests.swift */,
			);
			path = GitAPIUITests;
			sourceTree = "<group>";
		};
/* End PBXGroup section */

/* Begin PBXNativeTarget section */
		8ACD6D6F28888747001CFD60 /* GitAPI */ = {
			isa = PBXNativeTarget;
			buildConfigurationList = 8ACD6D9A2888874F001CFD60 /* Build configuration list for PBXNativeTarget "GitAPI" */;
			buildPhases = (
				8ACD6D6C28888747001CFD60 /* Sources */,
				8ACD6D6D28888747001CFD60 /* Frameworks */,
				8ACD6D6E28888747001CFD60 /* Resources */,
			);
			buildRules = (
			);
			dependencies = (
			);
			name = GitAPI;
			productName = GitAPI;
			productReference = 8ACD6D7028888747001CFD60 /* GitAPI.app */;
			productType = "com.apple.product-type.application";
		};
		8ACD6D852888874F001CFD60 /* GitAPITests */ = {
			isa = PBXNativeTarget;
			buildConfigurationList = 8ACD6D9D2888874F001CFD60 /* Build configuration list for PBXNativeTarget "GitAPITests" */;
			buildPhases = (
				8ACD6D822888874F001CFD60 /* Sources */,
				8ACD6D832888874F001CFD60 /* Frameworks */,
				8ACD6D842888874F001CFD60 /* Resources */,
			);
			buildRules = (
			);
			dependencies = (
				8ACD6D882888874F001CFD60 /* PBXTargetDependency */,
			);
			name = GitAPITests;
			productName = GitAPITests;
			productReference = 8ACD6D862888874F001CFD60 /* GitAPITests.xctest */;
			productType = "com.apple.product-type.bundle.unit-test";
		};
		8ACD6D8F2888874F001CFD60 /* GitAPIUITests */ = {
			isa = PBXNativeTarget;
			buildConfigurationList = 8ACD6DA02888874F001CFD60 /* Build configuration list for PBXNativeTarget "GitAPIUITests" */;
			buildPhases = (
				8ACD6D8C2888874F001CFD60 /* Sources */,
				8ACD6D8D2888874F001CFD60 /* Frameworks */,
				8ACD6D8E2888874F001CFD60 /* Resources */,
			);
			buildRules = (
			);
			dependencies = (
				8ACD6D922888874F001CFD60 /* PBXTargetDependency */,
			);
			name = GitAPIUITests;
			productName = GitAPIUITests;
			productReference = 8ACD6D902888874F001CFD60 /* GitAPIUITests.xctest */;
			productType = "com.apple.product-type.bundle.ui-testing";
		};
/* End PBXNativeTarget section */

/* Begin PBXProject section */
		8ACD6D6828888747001CFD60 /* Project object */ = {
			isa = PBXProject;
			attributes = {
				BuildIndependentTargetsInParallel = 1;
				LastSwiftUpdateCheck = 1340;
				LastUpgradeCheck = 1340;
				TargetAttributes = {
					8ACD6D6F28888747001CFD60 = {
						CreatedOnToolsVersion = 13.4.1;
					};
					8ACD6D852888874F001CFD60 = {
						CreatedOnToolsVersion = 13.4.1;
						TestTargetID = 8ACD6D6F28888747001CFD60;
					};
					8ACD6D8F2888874F001CFD60 = {
						CreatedOnToolsVersion = 13.4.1;
						TestTargetID = 8ACD6D6F28888747001CFD60;
					};
				};
			};
			buildConfigurationList = 8ACD6D6B28888747001CFD60 /* Build configuration list for PBXProject "GitAPI" */;
			compatibilityVersion = "Xcode 13.0";
			developmentRegion = en;
			hasScannedForEncodings = 0;
			knownRegions = (
				en,
				Base,
			);
			mainGroup = 8ACD6D6728888747001CFD60;
			productRefGroup = 8ACD6D7128888747001CFD60 /* Products */;
			projectDirPath = "";
			projectRoot = "";
			targets = (
				8ACD6D6F28888747001CFD60 /* GitAPI */,
				8ACD6D852888874F001CFD60 /* GitAPITests */,
				8ACD6D8F2888874F001CFD60 /* GitAPIUITests */,
			);
		};
/* End PBXProject section */

/* Begin PBXResourcesBuildPhase section */
		8ACD6D6E28888747001CFD60 /* Resources */ = {
			isa = PBXResourcesBuildPhase;
			buildActionMask = 2147483647;
			files = (
				8A6B1CD728888D23000C9868 /* FilterOptionsView.xib in Resources */,
				8ACD6D802888874E001CFD60 /* LaunchScreen.storyboard in Resources */,
				8A6B1CCB28888945000C9868 /* SearchListTableViewCell.xib in Resources */,
				8ACD6D7D2888874E001CFD60 /* Assets.xcassets in Resources */,
				8ACD6D7B28888747001CFD60 /* Main.storyboard in Resources */,
			);
			runOnlyForDeploymentPostprocessing = 0;
		};
		8ACD6D842888874F001CFD60 /* Resources */ = {
			isa = PBXResourcesBuildPhase;
			buildActionMask = 2147483647;
			files = (
			);
			runOnlyForDeploymentPostprocessing = 0;
		};
		8ACD6D8E2888874F001CFD60 /* Resources */ = {
			isa = PBXResourcesBuildPhase;
			buildActionMask = 2147483647;
			files = (
			);
			runOnlyForDeploymentPostprocessing = 0;
		};
/* End PBXResourcesBuildPhase section */

/* Begin PBXSourcesBuildPhase section */
		8ACD6D6C28888747001CFD60 /* Sources */ = {
			isa = PBXSourcesBuildPhase;
			buildActionMask = 2147483647;
			files = (
				8ACD6D7828888747001CFD60 /* SearchViewController.swift in Sources */,
				8A6B1CD428888C9D000C9868 /* FilterOptionsView.swift in Sources */,
				8A6B1CCA28888945000C9868 /* SearchListTableViewCell.swift in Sources */,
				8ACD6D7428888747001CFD60 /* AppDelegate.swift in Sources */,
				8A6B1CD928888F87000C9868 /* AuthorDetailsViewController.swift in Sources */,
				8ACD6D7628888747001CFD60 /* SceneDelegate.swift in Sources */,
				8A6B1CDB28888F93000C9868 /* RepoDetailsViewController.swift in Sources */,
			);
			runOnlyForDeploymentPostprocessing = 0;
		};
		8ACD6D822888874F001CFD60 /* Sources */ = {
			isa = PBXSourcesBuildPhase;
			buildActionMask = 2147483647;
			files = (
				8ACD6D8B2888874F001CFD60 /* GitAPITests.swift in Sources */,
			);
			runOnlyForDeploymentPostprocessing = 0;
		};
		8ACD6D8C2888874F001CFD60 /* Sources */ = {
			isa = PBXSourcesBuildPhase;
			buildActionMask = 2147483647;
			files = (
				8ACD6D972888874F001CFD60 /* GitAPIUITestsLaunchTests.swift in Sources */,
				8ACD6D952888874F001CFD60 /* GitAPIUITests.swift in Sources */,
			);
			runOnlyForDeploymentPostprocessing = 0;
		};
/* End PBXSourcesBuildPhase section */

/* Begin PBXTargetDependency section */
		8ACD6D882888874F001CFD60 /* PBXTargetDependency */ = {
			isa = PBXTargetDependency;
			target = 8ACD6D6F28888747001CFD60 /* GitAPI */;
			targetProxy = 8ACD6D872888874F001CFD60 /* PBXContainerItemProxy */;
		};
		8ACD6D922888874F001CFD60 /* PBXTargetDependency */ = {
			isa = PBXTargetDependency;
			target = 8ACD6D6F28888747001CFD60 /* GitAPI */;
			targetProxy = 8ACD6D912888874F001CFD60 /* PBXContainerItemProxy */;
		};
/* End PBXTargetDependency section */

/* Begin PBXVariantGroup section */
		8ACD6D7928888747001CFD60 /* Main.storyboard */ = {
			isa = PBXVariantGroup;
			children = (
				8ACD6D7A28888747001CFD60 /* Base */,
			);
			name = Main.storyboard;
			sourceTree = "<group>";
		};
		8ACD6D7E2888874E001CFD60 /* LaunchScreen.storyboard */ = {
			isa = PBXVariantGroup;
			children = (
				8ACD6D7F2888874E001CFD60 /* Base */,
			);
			name = LaunchScreen.storyboard;
			sourceTree = "<group>";
		};
/* End PBXVariantGroup section */

/* Begin XCBuildConfiguration section */
		8ACD6D982888874F001CFD60 /* Debug */ = {
			isa = XCBuildConfiguration;
			buildSettings = {
				ALWAYS_SEARCH_USER_PATHS = NO;
				CLANG_ANALYZER_NONNULL = YES;
				CLANG_ANALYZER_NUMBER_OBJECT_CONVERSION = YES_AGGRESSIVE;
				CLANG_CXX_LANGUAGE_STANDARD = "gnu++17";
				CLANG_ENABLE_MODULES = YES;
				CLANG_ENABLE_OBJC_ARC = YES;
				CLANG_ENABLE_OBJC_WEAK = YES;
				CLANG_WARN_BLOCK_CAPTURE_AUTORELEASING = YES;
				CLANG_WARN_BOOL_CONVERSION = YES;
				CLANG_WARN_COMMA = YES;
				CLANG_WARN_CONSTANT_CONVERSION = YES;
				CLANG_WARN_DEPRECATED_OBJC_IMPLEMENTATIONS = YES;
				CLANG_WARN_DIRECT_OBJC_ISA_USAGE = YES_ERROR;
				CLANG_WARN_DOCUMENTATION_COMMENTS = YES;
				CLANG_WARN_EMPTY_BODY = YES;
				CLANG_WARN_ENUM_CONVERSION = YES;
				CLANG_WARN_INFINITE_RECURSION = YES;
				CLANG_WARN_INT_CONVERSION = YES;
				CLANG_WARN_NON_LITERAL_NULL_CONVERSION = YES;
				CLANG_WARN_OBJC_IMPLICIT_RETAIN_SELF = YES;
				CLANG_WARN_OBJC_LITERAL_CONVERSION = YES;
				CLANG_WARN_OBJC_ROOT_CLASS = YES_ERROR;
				CLANG_WARN_QUOTED_INCLUDE_IN_FRAMEWORK_HEADER = YES;
				CLANG_WARN_RANGE_LOOP_ANALYSIS = YES;
				CLANG_WARN_STRICT_PROTOTYPES = YES;
				CLANG_WARN_SUSPICIOUS_MOVE = YES;
				CLANG_WARN_UNGUARDED_AVAILABILITY = YES_AGGRESSIVE;
				CLANG_WARN_UNREACHABLE_CODE = YES;
				CLANG_WARN__DUPLICATE_METHOD_MATCH = YES;
				COPY_PHASE_STRIP = NO;
				DEBUG_INFORMATION_FORMAT = dwarf;
				ENABLE_STRICT_OBJC_MSGSEND = YES;
				ENABLE_TESTABILITY = YES;
				GCC_C_LANGUAGE_STANDARD = gnu11;
				GCC_DYNAMIC_NO_PIC = NO;
				GCC_NO_COMMON_BLOCKS = YES;
				GCC_OPTIMIZATION_LEVEL = 0;
				GCC_PREPROCESSOR_DEFINITIONS = (
					"DEBUG=1",
					"$(inherited)",
				);
				GCC_WARN_64_TO_32_BIT_CONVERSION = YES;
				GCC_WARN_ABOUT_RETURN_TYPE = YES_ERROR;
				GCC_WARN_UNDECLARED_SELECTOR = YES;
				GCC_WARN_UNINITIALIZED_AUTOS = YES_AGGRESSIVE;
				GCC_WARN_UNUSED_FUNCTION = YES;
				GCC_WARN_UNUSED_VARIABLE = YES;
				IPHONEOS_DEPLOYMENT_TARGET = 15.5;
				MTL_ENABLE_DEBUG_INFO = INCLUDE_SOURCE;
				MTL_FAST_MATH = YES;
				ONLY_ACTIVE_ARCH = YES;
				SDKROOT = iphoneos;
				SWIFT_ACTIVE_COMPILATION_CONDITIONS = DEBUG;
				SWIFT_OPTIMIZATION_LEVEL = "-Onone";
			};
			name = Debug;
		};
		8ACD6D992888874F001CFD60 /* Release */ = {
			isa = XCBuildConfiguration;
			buildSettings = {
				ALWAYS_SEARCH_USER_PATHS = NO;
				CLANG_ANALYZER_NONNULL = YES;
				CLANG_ANALYZER_NUMBER_OBJECT_CONVERSION = YES_AGGRESSIVE;
				CLANG_CXX_LANGUAGE_STANDARD = "gnu++17";
				CLANG_ENABLE_MODULES = YES;
				CLANG_ENABLE_OBJC_ARC = YES;
				CLANG_ENABLE_OBJC_WEAK = YES;
				CLANG_WARN_BLOCK_CAPTURE_AUTORELEASING = YES;
				CLANG_WARN_BOOL_CONVERSION = YES;
				CLANG_WARN_COMMA = YES;
				CLANG_WARN_CONSTANT_CONVERSION = YES;
				CLANG_WARN_DEPRECATED_OBJC_IMPLEMENTATIONS = YES;
				CLANG_WARN_DIRECT_OBJC_ISA_USAGE = YES_ERROR;
				CLANG_WARN_DOCUMENTATION_COMMENTS = YES;
				CLANG_WARN_EMPTY_BODY = YES;
				CLANG_WARN_ENUM_CONVERSION = YES;
				CLANG_WARN_INFINITE_RECURSION = YES;
				CLANG_WARN_INT_CONVERSION = YES;
				CLANG_WARN_NON_LITERAL_NULL_CONVERSION = YES;
				CLANG_WARN_OBJC_IMPLICIT_RETAIN_SELF = YES;
				CLANG_WARN_OBJC_LITERAL_CONVERSION = YES;
				CLANG_WARN_OBJC_ROOT_CLASS = YES_ERROR;
				CLANG_WARN_QUOTED_INCLUDE_IN_FRAMEWORK_HEADER = YES;
				CLANG_WARN_RANGE_LOOP_ANALYSIS = YES;
				CLANG_WARN_STRICT_PROTOTYPES = YES;
				CLANG_WARN_SUSPICIOUS_MOVE = YES;
				CLANG_WARN_UNGUARDED_AVAILABILITY = YES_AGGRESSIVE;
				CLANG_WARN_UNREACHABLE_CODE = YES;
				CLANG_WARN__DUPLICATE_METHOD_MATCH = YES;
				COPY_PHASE_STRIP = NO;
				DEBUG_INFORMATION_FORMAT = "dwarf-with-dsym";
				ENABLE_NS_ASSERTIONS = NO;
				ENABLE_STRICT_OBJC_MSGSEND = YES;
				GCC_C_LANGUAGE_STANDARD = gnu11;
				GCC_NO_COMMON_BLOCKS = YES;
				GCC_WARN_64_TO_32_BIT_CONVERSION = YES;
				GCC_WARN_ABOUT_RETURN_TYPE = YES_ERROR;
				GCC_WARN_UNDECLARED_SELECTOR = YES;
				GCC_WARN_UNINITIALIZED_AUTOS = YES_AGGRESSIVE;
				GCC_WARN_UNUSED_FUNCTION = YES;
				GCC_WARN_UNUSED_VARIABLE = YES;
				IPHONEOS_DEPLOYMENT_TARGET = 15.5;
				MTL_ENABLE_DEBUG_INFO = NO;
				MTL_FAST_MATH = YES;
				SDKROOT = iphoneos;
				SWIFT_COMPILATION_MODE = wholemodule;
				SWIFT_OPTIMIZATION_LEVEL = "-O";
				VALIDATE_PRODUCT = YES;
			};
			name = Release;
		};
		8ACD6D9B2888874F001CFD60 /* Debug */ = {
			isa = XCBuildConfiguration;
			buildSettings = {
				ASSETCATALOG_COMPILER_APPICON_NAME = AppIcon;
				ASSETCATALOG_COMPILER_GLOBAL_ACCENT_COLOR_NAME = AccentColor;
				CODE_SIGN_STYLE = Automatic;
				CURRENT_PROJECT_VERSION = 1;
				DEVELOPMENT_TEAM = 6H593KJHPH;
				GENERATE_INFOPLIST_FILE = YES;
				INFOPLIST_FILE = GitAPI/Info.plist;
				INFOPLIST_KEY_UIApplicationSupportsIndirectInputEvents = YES;
				INFOPLIST_KEY_UILaunchStoryboardName = LaunchScreen;
				INFOPLIST_KEY_UIMainStoryboardFile = Main;
				INFOPLIST_KEY_UISupportedInterfaceOrientations_iPad = "UIInterfaceOrientationPortrait UIInterfaceOrientationPortraitUpsideDown UIInterfaceOrientationLandscapeLeft UIInterfaceOrientationLandscapeRight";
				INFOPLIST_KEY_UISupportedInterfaceOrientations_iPhone = "UIInterfaceOrientationPortrait UIInterfaceOrientationLandscapeLeft UIInterfaceOrientationLandscapeRight";
				LD_RUNPATH_SEARCH_PATHS = (
					"$(inherited)",
					"@executable_path/Frameworks",
				);
				MARKETING_VERSION = 1.0;
				PRODUCT_BUNDLE_IDENTIFIER = com.gitapi.GitAPI;
				PRODUCT_NAME = "$(TARGET_NAME)";
				SWIFT_EMIT_LOC_STRINGS = YES;
				SWIFT_VERSION = 5.0;
				TARGETED_DEVICE_FAMILY = "1,2";
			};
			name = Debug;
		};
		8ACD6D9C2888874F001CFD60 /* Release */ = {
			isa = XCBuildConfiguration;
			buildSettings = {
				ASSETCATALOG_COMPILER_APPICON_NAME = AppIcon;
				ASSETCATALOG_COMPILER_GLOBAL_ACCENT_COLOR_NAME = AccentColor;
				CODE_SIGN_STYLE = Automatic;
				CURRENT_PROJECT_VERSION = 1;
				DEVELOPMENT_TEAM = 6H593KJHPH;
				GENERATE_INFOPLIST_FILE = YES;
				INFOPLIST_FILE = GitAPI/Info.plist;
				INFOPLIST_KEY_UIApplicationSupportsIndirectInputEvents = YES;
				INFOPLIST_KEY_UILaunchStoryboardName = LaunchScreen;
				INFOPLIST_KEY_UIMainStoryboardFile = Main;
				INFOPLIST_KEY_UISupportedInterfaceOrientations_iPad = "UIInterfaceOrientationPortrait UIInterfaceOrientationPortraitUpsideDown UIInterfaceOrientationLandscapeLeft UIInterfaceOrientationLandscapeRight";
				INFOPLIST_KEY_UISupportedInterfaceOrientations_iPhone = "UIInterfaceOrientationPortrait UIInterfaceOrientationLandscapeLeft UIInterfaceOrientationLandscapeRight";
				LD_RUNPATH_SEARCH_PATHS = (
					"$(inherited)",
					"@executable_path/Frameworks",
				);
				MARKETING_VERSION = 1.0;
				PRODUCT_BUNDLE_IDENTIFIER = com.gitapi.GitAPI;
				PRODUCT_NAME = "$(TARGET_NAME)";
				SWIFT_EMIT_LOC_STRINGS = YES;
				SWIFT_VERSION = 5.0;
				TARGETED_DEVICE_FAMILY = "1,2";
			};
			name = Release;
		};
		8ACD6D9E2888874F001CFD60 /* Debug */ = {
			isa = XCBuildConfiguration;
			buildSettings = {
				ALWAYS_EMBED_SWIFT_STANDARD_LIBRARIES = YES;
				BUNDLE_LOADER = "$(TEST_HOST)";
				CODE_SIGN_STYLE = Automatic;
				CURRENT_PROJECT_VERSION = 1;
				DEVELOPMENT_TEAM = 6H593KJHPH;
				GENERATE_INFOPLIST_FILE = YES;
				IPHONEOS_DEPLOYMENT_TARGET = 15.5;
				MARKETING_VERSION = 1.0;
				PRODUCT_BUNDLE_IDENTIFIER = com.gitapi.GitAPITests;
				PRODUCT_NAME = "$(TARGET_NAME)";
				SWIFT_EMIT_LOC_STRINGS = NO;
				SWIFT_VERSION = 5.0;
				TARGETED_DEVICE_FAMILY = "1,2";
				TEST_HOST = "$(BUILT_PRODUCTS_DIR)/GitAPI.app/GitAPI";
			};
			name = Debug;
		};
		8ACD6D9F2888874F001CFD60 /* Release */ = {
			isa = XCBuildConfiguration;
			buildSettings = {
				ALWAYS_EMBED_SWIFT_STANDARD_LIBRARIES = YES;
				BUNDLE_LOADER = "$(TEST_HOST)";
				CODE_SIGN_STYLE = Automatic;
				CURRENT_PROJECT_VERSION = 1;
				DEVELOPMENT_TEAM = 6H593KJHPH;
				GENERATE_INFOPLIST_FILE = YES;
				IPHONEOS_DEPLOYMENT_TARGET = 15.5;
				MARKETING_VERSION = 1.0;
				PRODUCT_BUNDLE_IDENTIFIER = com.gitapi.GitAPITests;
				PRODUCT_NAME = "$(TARGET_NAME)";
				SWIFT_EMIT_LOC_STRINGS = NO;
				SWIFT_VERSION = 5.0;
				TARGETED_DEVICE_FAMILY = "1,2";
				TEST_HOST = "$(BUILT_PRODUCTS_DIR)/GitAPI.app/GitAPI";
			};
			name = Release;
		};
		8ACD6DA12888874F001CFD60 /* Debug */ = {
			isa = XCBuildConfiguration;
			buildSettings = {
				ALWAYS_EMBED_SWIFT_STANDARD_LIBRARIES = YES;
				CODE_SIGN_STYLE = Automatic;
				CURRENT_PROJECT_VERSION = 1;
				DEVELOPMENT_TEAM = 6H593KJHPH;
				GENERATE_INFOPLIST_FILE = YES;
				MARKETING_VERSION = 1.0;
				PRODUCT_BUNDLE_IDENTIFIER = com.gitapi.GitAPIUITests;
				PRODUCT_NAME = "$(TARGET_NAME)";
				SWIFT_EMIT_LOC_STRINGS = NO;
				SWIFT_VERSION = 5.0;
				TARGETED_DEVICE_FAMILY = "1,2";
				TEST_TARGET_NAME = GitAPI;
			};
			name = Debug;
		};
		8ACD6DA22888874F001CFD60 /* Release */ = {
			isa = XCBuildConfiguration;
			buildSettings = {
				ALWAYS_EMBED_SWIFT_STANDARD_LIBRARIES = YES;
				CODE_SIGN_STYLE = Automatic;
				CURRENT_PROJECT_VERSION = 1;
				DEVELOPMENT_TEAM = 6H593KJHPH;
				GENERATE_INFOPLIST_FILE = YES;
				MARKETING_VERSION = 1.0;
				PRODUCT_BUNDLE_IDENTIFIER = com.gitapi.GitAPIUITests;
				PRODUCT_NAME = "$(TARGET_NAME)";
				SWIFT_EMIT_LOC_STRINGS = NO;
				SWIFT_VERSION = 5.0;
				TARGETED_DEVICE_FAMILY = "1,2";
				TEST_TARGET_NAME = GitAPI;
			};
			name = Release;
		};
/* End XCBuildConfiguration section */

/* Begin XCConfigurationList section */
		8ACD6D6B28888747001CFD60 /* Build configuration list for PBXProject "GitAPI" */ = {
			isa = XCConfigurationList;
			buildConfigurations = (
				8ACD6D982888874F001CFD60 /* Debug */,
				8ACD6D992888874F001CFD60 /* Release */,
			);
			defaultConfigurationIsVisible = 0;
			defaultConfigurationName = Release;
		};
		8ACD6D9A2888874F001CFD60 /* Build configuration list for PBXNativeTarget "GitAPI" */ = {
			isa = XCConfigurationList;
			buildConfigurations = (
				8ACD6D9B2888874F001CFD60 /* Debug */,
				8ACD6D9C2888874F001CFD60 /* Release */,
			);
			defaultConfigurationIsVisible = 0;
			defaultConfigurationName = Release;
		};
		8ACD6D9D2888874F001CFD60 /* Build configuration list for PBXNativeTarget "GitAPITests" */ = {
			isa = XCConfigurationList;
			buildConfigurations = (
				8ACD6D9E2888874F001CFD60 /* Debug */,
				8ACD6D9F2888874F001CFD60 /* Release */,
			);
			defaultConfigurationIsVisible = 0;
			defaultConfigurationName = Release;
		};
		8ACD6DA02888874F001CFD60 /* Build configuration list for PBXNativeTarget "GitAPIUITests" */ = {
			isa = XCConfigurationList;
			buildConfigurations = (
				8ACD6DA12888874F001CFD60 /* Debug */,
				8ACD6DA22888874F001CFD60 /* Release */,
			);
			defaultConfigurationIsVisible = 0;
			defaultConfigurationName = Release;
		};
/* End XCConfigurationList section */
	};
	rootObject = 8ACD6D6828888747001CFD60 /* Project object */;
}
